// !$*UTF8*$!
{
	archiveVersion = 1;
	classes = {
	};
	objectVersion = 77;
	objects = {

/* Begin PBXBuildFile section */
		A2B901E32E92767700AB34BB /* Alamofire in Frameworks */ = {isa = PBXBuildFile; productRef = A2B901E22E92767700AB34BB /* Alamofire */; };
		A2B901EE2E93F74D00AB34BB /* Advanced iOS Development README: documentation.pdf in Resources */ = {isa = PBXBuildFile; fileRef = A2B901ED2E93F74D00AB34BB /* Advanced iOS Development README: documentation.pdf */; };
/* End PBXBuildFile section */

/* Begin PBXContainerItemProxy section */
		A2B901582E92597F00AB34BB /* PBXContainerItemProxy */ = {
			isa = PBXContainerItemProxy;
			containerPortal = A2B9013D2E92597C00AB34BB /* Project object */;
			proxyType = 1;
			remoteGlobalIDString = A2B901442E92597C00AB34BB;
			remoteInfo = MedTrack;
		};
		A2B901622E92597F00AB34BB /* PBXContainerItemProxy */ = {
			isa = PBXContainerItemProxy;
			containerPortal = A2B9013D2E92597C00AB34BB /* Project object */;
			proxyType = 1;
			remoteGlobalIDString = A2B901442E92597C00AB34BB;
			remoteInfo = MedTrack;
		};
/* End PBXContainerItemProxy section */

/* Begin PBXFileReference section */
		A2B901452E92597C00AB34BB /* MedTrack.app */ = {isa = PBXFileReference; explicitFileType = wrapper.application; includeInIndex = 0; path = MedTrack.app; sourceTree = BUILT_PRODUCTS_DIR; };
		A2B901572E92597F00AB34BB /* MedTrackTests.xctest */ = {isa = PBXFileReference; explicitFileType = wrapper.cfbundle; includeInIndex = 0; path = MedTrackTests.xctest; sourceTree = BUILT_PRODUCTS_DIR; };
		A2B901612E92597F00AB34BB /* MedTrackUITests.xctest */ = {isa = PBXFileReference; explicitFileType = wrapper.cfbundle; includeInIndex = 0; path = MedTrackUITests.xctest; sourceTree = BUILT_PRODUCTS_DIR; };
		A2B901ED2E93F74D00AB34BB /* Advanced iOS Development README: documentation.pdf */ = {isa = PBXFileReference; lastKnownFileType = image.pdf; path = "Advanced iOS Development README: documentation.pdf"; sourceTree = "<group>"; };
/* End PBXFileReference section */

/* Begin PBXFileSystemSynchronizedRootGroup section */
		A2B901472E92597C00AB34BB /* MedTrack */ = {
			isa = PBXFileSystemSynchronizedRootGroup;
			path = MedTrack;
			sourceTree = "<group>";
		};
		A2B9015A2E92597F00AB34BB /* MedTrackTests */ = {
			isa = PBXFileSystemSynchronizedRootGroup;
			path = MedTrackTests;
			sourceTree = "<group>";
		};
		A2B901642E92597F00AB34BB /* MedTrackUITests */ = {
			isa = PBXFileSystemSynchronizedRootGroup;
			path = MedTrackUITests;
			sourceTree = "<group>";
		};
/* End PBXFileSystemSynchronizedRootGroup section */

/* Begin PBXFrameworksBuildPhase section */
		A2B901422E92597C00AB34BB /* Frameworks */ = {
			isa = PBXFrameworksBuildPhase;
			buildActionMask = 2147483647;
			files = (
				A2B901E32E92767700AB34BB /* Alamofire in Frameworks */,
			);
			runOnlyForDeploymentPostprocessing = 0;
		};
		A2B901542E92597F00AB34BB /* Frameworks */ = {
			isa = PBXFrameworksBuildPhase;
			buildActionMask = 2147483647;
			files = (
			);
			runOnlyForDeploymentPostprocessing = 0;
		};
		A2B9015E2E92597F00AB34BB /* Frameworks */ = {
			isa = PBXFrameworksBuildPhase;
			buildActionMask = 2147483647;
			files = (
			);
			runOnlyForDeploymentPostprocessing = 0;
		};
/* End PBXFrameworksBuildPhase section */

/* Begin PBXGroup section */
		A2B9013C2E92597C00AB34BB = {
			isa = PBXGroup;
			children = (
				A2B901ED2E93F74D00AB34BB /* Advanced iOS Development README: documentation.pdf */,
				A2B901472E92597C00AB34BB /* MedTrack */,
				A2B9015A2E92597F00AB34BB /* MedTrackTests */,
				A2B901642E92597F00AB34BB /* MedTrackUITests */,
				A2B901462E92597C00AB34BB /* Products */,
			);
			sourceTree = "<group>";
		};
		A2B901462E92597C00AB34BB /* Products */ = {
			isa = PBXGroup;
			children = (
				A2B901452E92597C00AB34BB /* MedTrack.app */,
				A2B901572E92597F00AB34BB /* MedTrackTests.xctest */,
				A2B901612E92597F00AB34BB /* MedTrackUITests.xctest */,
			);
			name = Products;
			sourceTree = "<group>";
		};
/* End PBXGroup section */

/* Begin PBXNativeTarget section */
		A2B901442E92597C00AB34BB /* MedTrack */ = {
			isa = PBXNativeTarget;
			buildConfigurationList = A2B9016B2E92597F00AB34BB /* Build configuration list for PBXNativeTarget "MedTrack" */;
			buildPhases = (
				A2B901412E92597C00AB34BB /* Sources */,
				A2B901422E92597C00AB34BB /* Frameworks */,
				A2B901432E92597C00AB34BB /* Resources */,
			);
			buildRules = (
			);
			dependencies = (
			);
			fileSystemSynchronizedGroups = (
				A2B901472E92597C00AB34BB /* MedTrack */,
			);
			name = MedTrack;
			packageProductDependencies = (
				A2B901E22E92767700AB34BB /* Alamofire */,
			);
			productName = MedTrack;
			productReference = A2B901452E92597C00AB34BB /* MedTrack.app */;
			productType = "com.apple.product-type.application";
		};
		A2B901562E92597F00AB34BB /* MedTrackTests */ = {
			isa = PBXNativeTarget;
			buildConfigurationList = A2B9016E2E92597F00AB34BB /* Build configuration list for PBXNativeTarget "MedTrackTests" */;
			buildPhases = (
				A2B901532E92597F00AB34BB /* Sources */,
				A2B901542E92597F00AB34BB /* Frameworks */,
				A2B901552E92597F00AB34BB /* Resources */,
			);
			buildRules = (
			);
			dependencies = (
				A2B901592E92597F00AB34BB /* PBXTargetDependency */,
			);
			fileSystemSynchronizedGroups = (
				A2B9015A2E92597F00AB34BB /* MedTrackTests */,
			);
			name = MedTrackTests;
			packageProductDependencies = (
			);
			productName = MedTrackTests;
			productReference = A2B901572E92597F00AB34BB /* MedTrackTests.xctest */;
			productType = "com.apple.product-type.bundle.unit-test";
		};
		A2B901602E92597F00AB34BB /* MedTrackUITests */ = {
			isa = PBXNativeTarget;
			buildConfigurationList = A2B901712E92597F00AB34BB /* Build configuration list for PBXNativeTarget "MedTrackUITests" */;
			buildPhases = (
				A2B9015D2E92597F00AB34BB /* Sources */,
				A2B9015E2E92597F00AB34BB /* Frameworks */,
				A2B9015F2E92597F00AB34BB /* Resources */,
			);
			buildRules = (
			);
			dependencies = (
				A2B901632E92597F00AB34BB /* PBXTargetDependency */,
			);
			fileSystemSynchronizedGroups = (
				A2B901642E92597F00AB34BB /* MedTrackUITests */,
			);
			name = MedTrackUITests;
			packageProductDependencies = (
			);
			productName = MedTrackUITests;
			productReference = A2B901612E92597F00AB34BB /* MedTrackUITests.xctest */;
			productType = "com.apple.product-type.bundle.ui-testing";
		};
/* End PBXNativeTarget section */

/* Begin PBXProject section */
		A2B9013D2E92597C00AB34BB /* Project object */ = {
			isa = PBXProject;
			attributes = {
				BuildIndependentTargetsInParallel = 1;
				LastSwiftUpdateCheck = 1640;
				LastUpgradeCheck = 1640;
				TargetAttributes = {
					A2B901442E92597C00AB34BB = {
						CreatedOnToolsVersion = 16.4;
					};
					A2B901562E92597F00AB34BB = {
						CreatedOnToolsVersion = 16.4;
						TestTargetID = A2B901442E92597C00AB34BB;
					};
					A2B901602E92597F00AB34BB = {
						CreatedOnToolsVersion = 16.4;
						TestTargetID = A2B901442E92597C00AB34BB;
					};
				};
			};
			buildConfigurationList = A2B901402E92597C00AB34BB /* Build configuration list for PBXProject "MedTrack" */;
			developmentRegion = en;
			hasScannedForEncodings = 0;
			knownRegions = (
				en,
				Base,
			);
			mainGroup = A2B9013C2E92597C00AB34BB;
			minimizedProjectReferenceProxies = 1;
			packageReferences = (
				A2B901D92E92751500AB34BB /* XCRemoteSwiftPackageReference "Alamofire" */,
			);
			preferredProjectObjectVersion = 77;
			productRefGroup = A2B901462E92597C00AB34BB /* Products */;
			projectDirPath = "";
			projectRoot = "";
			targets = (
				A2B901442E92597C00AB34BB /* MedTrack */,
				A2B901562E92597F00AB34BB /* MedTrackTests */,
				A2B901602E92597F00AB34BB /* MedTrackUITests */,
			);
		};
/* End PBXProject section */

/* Begin PBXResourcesBuildPhase section */
		A2B901432E92597C00AB34BB /* Resources */ = {
			isa = PBXResourcesBuildPhase;
			buildActionMask = 2147483647;
			files = (
				A2B901EE2E93F74D00AB34BB /* Advanced iOS Development README: documentation.pdf in Resources */,
			);
			runOnlyForDeploymentPostprocessing = 0;
		};
		A2B901552E92597F00AB34BB /* Resources */ = {
			isa = PBXResourcesBuildPhase;
			buildActionMask = 2147483647;
			files = (
			);
			runOnlyForDeploymentPostprocessing = 0;
		};
		A2B9015F2E92597F00AB34BB /* Resources */ = {
			isa = PBXResourcesBuildPhase;
			buildActionMask = 2147483647;
			files = (
			);
			runOnlyForDeploymentPostprocessing = 0;
		};
/* End PBXResourcesBuildPhase section */

/* Begin PBXSourcesBuildPhase section */
		A2B901412E92597C00AB34BB /* Sources */ = {
			isa = PBXSourcesBuildPhase;
			buildActionMask = 2147483647;
			files = (
			);
			runOnlyForDeploymentPostprocessing = 0;
		};
		A2B901532E92597F00AB34BB /* Sources */ = {
			isa = PBXSourcesBuildPhase;
			buildActionMask = 2147483647;
			files = (
			);
			runOnlyForDeploymentPostprocessing = 0;
		};
		A2B9015D2E92597F00AB34BB /* Sources */ = {
			isa = PBXSourcesBuildPhase;
			buildActionMask = 2147483647;
			files = (
			);
			runOnlyForDeploymentPostprocessing = 0;
		};
/* End PBXSourcesBuildPhase section */

/* Begin PBXTargetDependency section */
		A2B901592E92597F00AB34BB /* PBXTargetDependency */ = {
			isa = PBXTargetDependency;
			target = A2B901442E92597C00AB34BB /* MedTrack */;
			targetProxy = A2B901582E92597F00AB34BB /* PBXContainerItemProxy */;
		};
		A2B901632E92597F00AB34BB /* PBXTargetDependency */ = {
			isa = PBXTargetDependency;
			target = A2B901442E92597C00AB34BB /* MedTrack */;
			targetProxy = A2B901622E92597F00AB34BB /* PBXContainerItemProxy */;
		};
/* End PBXTargetDependency section */

/* Begin XCBuildConfiguration section */
		A2B901692E92597F00AB34BB /* Debug */ = {
			isa = XCBuildConfiguration;
			buildSettings = {
				ALWAYS_SEARCH_USER_PATHS = NO;
				ASSETCATALOG_COMPILER_GENERATE_SWIFT_ASSET_SYMBOL_EXTENSIONS = YES;
				CLANG_ANALYZER_NONNULL = YES;
				CLANG_ANALYZER_NUMBER_OBJECT_CONVERSION = YES_AGGRESSIVE;
				CLANG_CXX_LANGUAGE_STANDARD = "gnu++20";
				CLANG_ENABLE_MODULES = YES;
				CLANG_ENABLE_OBJC_ARC = YES;
				CLANG_ENABLE_OBJC_WEAK = YES;
				CLANG_WARN_BLOCK_CAPTURE_AUTORELEASING = YES;
				CLANG_WARN_BOOL_CONVERSION = YES;
				CLANG_WARN_COMMA = YES;
				CLANG_WARN_CONSTANT_CONVERSION = YES;
				CLANG_WARN_DEPRECATED_OBJC_IMPLEMENTATIONS = YES;
				CLANG_WARN_DIRECT_OBJC_ISA_USAGE = YES_ERROR;
				CLANG_WARN_DOCUMENTATION_COMMENTS = YES;
				CLANG_WARN_EMPTY_BODY = YES;
				CLANG_WARN_ENUM_CONVERSION = YES;
				CLANG_WARN_INFINITE_RECURSION = YES;
				CLANG_WARN_INT_CONVERSION = YES;
				CLANG_WARN_NON_LITERAL_NULL_CONVERSION = YES;
				CLANG_WARN_OBJC_IMPLICIT_RETAIN_SELF = YES;
				CLANG_WARN_OBJC_LITERAL_CONVERSION = YES;
				CLANG_WARN_OBJC_ROOT_CLASS = YES_ERROR;
				CLANG_WARN_QUOTED_INCLUDE_IN_FRAMEWORK_HEADER = YES;
				CLANG_WARN_RANGE_LOOP_ANALYSIS = YES;
				CLANG_WARN_STRICT_PROTOTYPES = YES;
				CLANG_WARN_SUSPICIOUS_MOVE = YES;
				CLANG_WARN_UNGUARDED_AVAILABILITY = YES_AGGRESSIVE;
				CLANG_WARN_UNREACHABLE_CODE = YES;
				CLANG_WARN__DUPLICATE_METHOD_MATCH = YES;
				COPY_PHASE_STRIP = NO;
				DEBUG_INFORMATION_FORMAT = dwarf;
				DEVELOPMENT_TEAM = 5G8X7977BX;
				ENABLE_STRICT_OBJC_MSGSEND = YES;
				ENABLE_TESTABILITY = YES;
				ENABLE_USER_SCRIPT_SANDBOXING = YES;
				GCC_C_LANGUAGE_STANDARD = gnu17;
				GCC_DYNAMIC_NO_PIC = NO;
				GCC_NO_COMMON_BLOCKS = YES;
				GCC_OPTIMIZATION_LEVEL = 0;
				GCC_PREPROCESSOR_DEFINITIONS = (
					"DEBUG=1",
					"$(inherited)",
				);
				GCC_WARN_64_TO_32_BIT_CONVERSION = YES;
				GCC_WARN_ABOUT_RETURN_TYPE = YES_ERROR;
				GCC_WARN_UNDECLARED_SELECTOR = YES;
				GCC_WARN_UNINITIALIZED_AUTOS = YES_AGGRESSIVE;
				GCC_WARN_UNUSED_FUNCTION = YES;
				GCC_WARN_UNUSED_VARIABLE = YES;
				IPHONEOS_DEPLOYMENT_TARGET = 18.5;
				LOCALIZATION_PREFERS_STRING_CATALOGS = YES;
				MTL_ENABLE_DEBUG_INFO = INCLUDE_SOURCE;
				MTL_FAST_MATH = YES;
				ONLY_ACTIVE_ARCH = YES;
				SDKROOT = iphoneos;
				SWIFT_ACTIVE_COMPILATION_CONDITIONS = "DEBUG $(inherited)";
				SWIFT_OPTIMIZATION_LEVEL = "-Onone";
			};
			name = Debug;
		};
		A2B9016A2E92597F00AB34BB /* Release */ = {
			isa = XCBuildConfiguration;
			buildSettings = {
				ALWAYS_SEARCH_USER_PATHS = NO;
				ASSETCATALOG_COMPILER_GENERATE_SWIFT_ASSET_SYMBOL_EXTENSIONS = YES;
				CLANG_ANALYZER_NONNULL = YES;
				CLANG_ANALYZER_NUMBER_OBJECT_CONVERSION = YES_AGGRESSIVE;
				CLANG_CXX_LANGUAGE_STANDARD = "gnu++20";
				CLANG_ENABLE_MODULES = YES;
				CLANG_ENABLE_OBJC_ARC = YES;
				CLANG_ENABLE_OBJC_WEAK = YES;
				CLANG_WARN_BLOCK_CAPTURE_AUTORELEASING = YES;
				CLANG_WARN_BOOL_CONVERSION = YES;
				CLANG_WARN_COMMA = YES;
				CLANG_WARN_CONSTANT_CONVERSION = YES;
				CLANG_WARN_DEPRECATED_OBJC_IMPLEMENTATIONS = YES;
				CLANG_WARN_DIRECT_OBJC_ISA_USAGE = YES_ERROR;
				CLANG_WARN_DOCUMENTATION_COMMENTS = YES;
				CLANG_WARN_EMPTY_BODY = YES;
				CLANG_WARN_ENUM_CONVERSION = YES;
				CLANG_WARN_INFINITE_RECURSION = YES;
				CLANG_WARN_INT_CONVERSION = YES;
				CLANG_WARN_NON_LITERAL_NULL_CONVERSION = YES;
				CLANG_WARN_OBJC_IMPLICIT_RETAIN_SELF = YES;
				CLANG_WARN_OBJC_LITERAL_CONVERSION = YES;
				CLANG_WARN_OBJC_ROOT_CLASS = YES_ERROR;
				CLANG_WARN_QUOTED_INCLUDE_IN_FRAMEWORK_HEADER = YES;
				CLANG_WARN_RANGE_LOOP_ANALYSIS = YES;
				CLANG_WARN_STRICT_PROTOTYPES = YES;
				CLANG_WARN_SUSPICIOUS_MOVE = YES;
				CLANG_WARN_UNGUARDED_AVAILABILITY = YES_AGGRESSIVE;
				CLANG_WARN_UNREACHABLE_CODE = YES;
				CLANG_WARN__DUPLICATE_METHOD_MATCH = YES;
				COPY_PHASE_STRIP = NO;
				DEBUG_INFORMATION_FORMAT = "dwarf-with-dsym";
				DEVELOPMENT_TEAM = 5G8X7977BX;
				ENABLE_NS_ASSERTIONS = NO;
				ENABLE_STRICT_OBJC_MSGSEND = YES;
				ENABLE_USER_SCRIPT_SANDBOXING = YES;
				GCC_C_LANGUAGE_STANDARD = gnu17;
				GCC_NO_COMMON_BLOCKS = YES;
				GCC_WARN_64_TO_32_BIT_CONVERSION = YES;
				GCC_WARN_ABOUT_RETURN_TYPE = YES_ERROR;
				GCC_WARN_UNDECLARED_SELECTOR = YES;
				GCC_WARN_UNINITIALIZED_AUTOS = YES_AGGRESSIVE;
				GCC_WARN_UNUSED_FUNCTION = YES;
				GCC_WARN_UNUSED_VARIABLE = YES;
				IPHONEOS_DEPLOYMENT_TARGET = 18.5;
				LOCALIZATION_PREFERS_STRING_CATALOGS = YES;
				MTL_ENABLE_DEBUG_INFO = NO;
				MTL_FAST_MATH = YES;
				SDKROOT = iphoneos;
				SWIFT_COMPILATION_MODE = wholemodule;
				VALIDATE_PRODUCT = YES;
			};
			name = Release;
		};
		A2B9016C2E92597F00AB34BB /* Debug */ = {
			isa = XCBuildConfiguration;
			buildSettings = {
				ASSETCATALOG_COMPILER_APPICON_NAME = AppIcon;
				ASSETCATALOG_COMPILER_GLOBAL_ACCENT_COLOR_NAME = AccentColor;
				CODE_SIGN_STYLE = Automatic;
				CURRENT_PROJECT_VERSION = 1;
				DEVELOPMENT_TEAM = 5G8X7977BX;
				ENABLE_PREVIEWS = YES;
				GENERATE_INFOPLIST_FILE = YES;
				INFOPLIST_KEY_UIApplicationSceneManifest_Generation = YES;
				INFOPLIST_KEY_UIApplicationSupportsIndirectInputEvents = YES;
				INFOPLIST_KEY_UILaunchScreen_Generation = YES;
				INFOPLIST_KEY_UISupportedInterfaceOrientations_iPad = "UIInterfaceOrientationPortrait UIInterfaceOrientationPortraitUpsideDown UIInterfaceOrientationLandscapeLeft UIInterfaceOrientationLandscapeRight";
				INFOPLIST_KEY_UISupportedInterfaceOrientations_iPhone = "UIInterfaceOrientationPortrait UIInterfaceOrientationLandscapeLeft UIInterfaceOrientationLandscapeRight";
				LD_RUNPATH_SEARCH_PATHS = (
					"$(inherited)",
					"@executable_path/Frameworks",
				);
				MARKETING_VERSION = 1.0;
				PRODUCT_BUNDLE_IDENTIFIER = com.MedTrack;
				PRODUCT_NAME = "$(TARGET_NAME)";
				SWIFT_EMIT_LOC_STRINGS = YES;
				SWIFT_VERSION = 5.0;
				TARGETED_DEVICE_FAMILY = "1,2";
			};
			name = Debug;
		};
		A2B9016D2E92597F00AB34BB /* Release */ = {
			isa = XCBuildConfiguration;
			buildSettings = {
				ASSETCATALOG_COMPILER_APPICON_NAME = AppIcon;
				ASSETCATALOG_COMPILER_GLOBAL_ACCENT_COLOR_NAME = AccentColor;
				CODE_SIGN_STYLE = Automatic;
				CURRENT_PROJECT_VERSION = 1;
				DEVELOPMENT_TEAM = 5G8X7977BX;
				ENABLE_PREVIEWS = YES;
				GENERATE_INFOPLIST_FILE = YES;
				INFOPLIST_KEY_UIApplicationSceneManifest_Generation = YES;
				INFOPLIST_KEY_UIApplicationSupportsIndirectInputEvents = YES;
				INFOPLIST_KEY_UILaunchScreen_Generation = YES;
				INFOPLIST_KEY_UISupportedInterfaceOrientations_iPad = "UIInterfaceOrientationPortrait UIInterfaceOrientationPortraitUpsideDown UIInterfaceOrientationLandscapeLeft UIInterfaceOrientationLandscapeRight";
				INFOPLIST_KEY_UISupportedInterfaceOrientations_iPhone = "UIInterfaceOrientationPortrait UIInterfaceOrientationLandscapeLeft UIInterfaceOrientationLandscapeRight";
				LD_RUNPATH_SEARCH_PATHS = (
					"$(inherited)",
					"@executable_path/Frameworks",
				);
				MARKETING_VERSION = 1.0;
				PRODUCT_BUNDLE_IDENTIFIER = com.MedTrack;
				PRODUCT_NAME = "$(TARGET_NAME)";
				SWIFT_EMIT_LOC_STRINGS = YES;
				SWIFT_VERSION = 5.0;
				TARGETED_DEVICE_FAMILY = "1,2";
			};
			name = Release;
		};
		A2B9016F2E92597F00AB34BB /* Debug */ = {
			isa = XCBuildConfiguration;
			buildSettings = {
				BUNDLE_LOADER = "$(TEST_HOST)";
				CODE_SIGN_STYLE = Automatic;
				CURRENT_PROJECT_VERSION = 1;
				DEVELOPMENT_TEAM = 5G8X7977BX;
				GENERATE_INFOPLIST_FILE = YES;
				IPHONEOS_DEPLOYMENT_TARGET = 18.5;
				MARKETING_VERSION = 1.0;
				PRODUCT_BUNDLE_IDENTIFIER = com.MedTrackTests;
				PRODUCT_NAME = "$(TARGET_NAME)";
				SWIFT_EMIT_LOC_STRINGS = NO;
				SWIFT_VERSION = 5.0;
				TARGETED_DEVICE_FAMILY = "1,2";
				TEST_HOST = "$(BUILT_PRODUCTS_DIR)/MedTrack.app/$(BUNDLE_EXECUTABLE_FOLDER_PATH)/MedTrack";
			};
			name = Debug;
		};
		A2B901702E92597F00AB34BB /* Release */ = {
			isa = XCBuildConfiguration;
			buildSettings = {
				BUNDLE_LOADER = "$(TEST_HOST)";
				CODE_SIGN_STYLE = Automatic;
				CURRENT_PROJECT_VERSION = 1;
				DEVELOPMENT_TEAM = 5G8X7977BX;
				GENERATE_INFOPLIST_FILE = YES;
				IPHONEOS_DEPLOYMENT_TARGET = 18.5;
				MARKETING_VERSION = 1.0;
				PRODUCT_BUNDLE_IDENTIFIER = com.MedTrackTests;
				PRODUCT_NAME = "$(TARGET_NAME)";
				SWIFT_EMIT_LOC_STRINGS = NO;
				SWIFT_VERSION = 5.0;
				TARGETED_DEVICE_FAMILY = "1,2";
				TEST_HOST = "$(BUILT_PRODUCTS_DIR)/MedTrack.app/$(BUNDLE_EXECUTABLE_FOLDER_PATH)/MedTrack";
			};
			name = Release;
		};
		A2B901722E92597F00AB34BB /* Debug */ = {
			isa = XCBuildConfiguration;
			buildSettings = {
				CODE_SIGN_STYLE = Automatic;
				CURRENT_PROJECT_VERSION = 1;
				DEVELOPMENT_TEAM = 5G8X7977BX;
				GENERATE_INFOPLIST_FILE = YES;
				MARKETING_VERSION = 1.0;
				PRODUCT_BUNDLE_IDENTIFIER = com.MedTrackUITests;
				PRODUCT_NAME = "$(TARGET_NAME)";
				SWIFT_EMIT_LOC_STRINGS = NO;
				SWIFT_VERSION = 5.0;
				TARGETED_DEVICE_FAMILY = "1,2";
				TEST_TARGET_NAME = MedTrack;
			};
			name = Debug;
		};
		A2B901732E92597F00AB34BB /* Release */ = {
			isa = XCBuildConfiguration;
			buildSettings = {
				CODE_SIGN_STYLE = Automatic;
				CURRENT_PROJECT_VERSION = 1;
				DEVELOPMENT_TEAM = 5G8X7977BX;
				GENERATE_INFOPLIST_FILE = YES;
				MARKETING_VERSION = 1.0;
				PRODUCT_BUNDLE_IDENTIFIER = com.MedTrackUITests;
				PRODUCT_NAME = "$(TARGET_NAME)";
				SWIFT_EMIT_LOC_STRINGS = NO;
				SWIFT_VERSION = 5.0;
				TARGETED_DEVICE_FAMILY = "1,2";
				TEST_TARGET_NAME = MedTrack;
			};
			name = Release;
		};
/* End XCBuildConfiguration section */

/* Begin XCConfigurationList section */
		A2B901402E92597C00AB34BB /* Build configuration list for PBXProject "MedTrack" */ = {
			isa = XCConfigurationList;
			buildConfigurations = (
				A2B901692E92597F00AB34BB /* Debug */,
				A2B9016A2E92597F00AB34BB /* Release */,
			);
			defaultConfigurationIsVisible = 0;
			defaultConfigurationName = Release;
		};
		A2B9016B2E92597F00AB34BB /* Build configuration list for PBXNativeTarget "MedTrack" */ = {
			isa = XCConfigurationList;
			buildConfigurations = (
				A2B9016C2E92597F00AB34BB /* Debug */,
				A2B9016D2E92597F00AB34BB /* Release */,
			);
			defaultConfigurationIsVisible = 0;
			defaultConfigurationName = Release;
		};
		A2B9016E2E92597F00AB34BB /* Build configuration list for PBXNativeTarget "MedTrackTests" */ = {
			isa = XCConfigurationList;
			buildConfigurations = (
				A2B9016F2E92597F00AB34BB /* Debug */,
				A2B901702E92597F00AB34BB /* Release */,
			);
			defaultConfigurationIsVisible = 0;
			defaultConfigurationName = Release;
		};
		A2B901712E92597F00AB34BB /* Build configuration list for PBXNativeTarget "MedTrackUITests" */ = {
			isa = XCConfigurationList;
			buildConfigurations = (
				A2B901722E92597F00AB34BB /* Debug */,
				A2B901732E92597F00AB34BB /* Release */,
			);
			defaultConfigurationIsVisible = 0;
			defaultConfigurationName = Release;
		};
/* End XCConfigurationList section */

/* Begin XCRemoteSwiftPackageReference section */
		A2B901D92E92751500AB34BB /* XCRemoteSwiftPackageReference "Alamofire" */ = {
			isa = XCRemoteSwiftPackageReference;
			repositoryURL = "https://github.com/Alamofire/Alamofire.git";
			requirement = {
				kind = upToNextMajorVersion;
				minimumVersion = 5.10.2;
			};
		};
/* End XCRemoteSwiftPackageReference section */

/* Begin XCSwiftPackageProductDependency section */
		A2B901E22E92767700AB34BB /* Alamofire */ = {
			isa = XCSwiftPackageProductDependency;
			package = A2B901D92E92751500AB34BB /* XCRemoteSwiftPackageReference "Alamofire" */;
			productName = Alamofire;
		};
/* End XCSwiftPackageProductDependency section */
	};
	rootObject = A2B9013D2E92597C00AB34BB /* Project object */;
}
